
Microsoft Visual Studio Solution File, Format Version 12.00
# Visual Studio 15
VisualStudioVersion = 15.0.26124.0
MinimumVisualStudioVersion = 15.0.26124.0
Project("{FAE04EC0-301F-11D3-BF4B-00C04F79EFBC}") = "TestCommon", "..\TestCommon\TestCommon.csproj", "{9435DC88-AECF-44C5-8908-236FB1A7B3DA}"
EndProject
Project("{FAE04EC0-301F-11D3-BF4B-00C04F79EFBC}") = "A10", "A10\A10.csproj", "{5A9D7E54-C69C-41BF-A6CD-E78A2B1F5A66}"
EndProject
Project("{FAE04EC0-301F-11D3-BF4B-00C04F79EFBC}") = "A10.Tests", "A10.Tests\A10.Tests.csproj", "{904001DF-172C-4A6E-9EBF-25A5F0D9E6C6}"
EndProject
Global
	GlobalSection(SolutionConfigurationPlatforms) = preSolution
		Debug|Any CPU = Debug|Any CPU
		Debug|x64 = Debug|x64
		Debug|x86 = Debug|x86
		Release|Any CPU = Release|Any CPU
		Release|x64 = Release|x64
		Release|x86 = Release|x86
	EndGlobalSection
	GlobalSection(SolutionProperties) = preSolution
		HideSolutionNode = FALSE
	EndGlobalSection
	GlobalSection(ProjectConfigurationPlatforms) = postSolution
		{9435DC88-AECF-44C5-8908-236FB1A7B3DA}.Debug|Any CPU.ActiveCfg = Debug|Any CPU
		{9435DC88-AECF-44C5-8908-236FB1A7B3DA}.Debug|Any CPU.Build.0 = Debug|Any CPU
		{9435DC88-AECF-44C5-8908-236FB1A7B3DA}.Debug|x64.ActiveCfg = Debug|Any CPU
		{9435DC88-AECF-44C5-8908-236FB1A7B3DA}.Debug|x64.Build.0 = Debug|Any CPU
		{9435DC88-AECF-44C5-8908-236FB1A7B3DA}.Debug|x86.ActiveCfg = Debug|Any CPU
		{9435DC88-AECF-44C5-8908-236FB1A7B3DA}.Debug|x86.Build.0 = Debug|Any CPU
		{9435DC88-AECF-44C5-8908-236FB1A7B3DA}.Release|Any CPU.ActiveCfg = Release|Any CPU
		{9435DC88-AECF-44C5-8908-236FB1A7B3DA}.Release|Any CPU.Build.0 = Release|Any CPU
		{9435DC88-AECF-44C5-8908-236FB1A7B3DA}.Release|x64.ActiveCfg = Release|Any CPU
		{9435DC88-AECF-44C5-8908-236FB1A7B3DA}.Release|x64.Build.0 = Release|Any CPU
		{9435DC88-AECF-44C5-8908-236FB1A7B3DA}.Release|x86.ActiveCfg = Release|Any CPU
		{9435DC88-AECF-44C5-8908-236FB1A7B3DA}.Release|x86.Build.0 = Release|Any CPU
		{5A9D7E54-C69C-41BF-A6CD-E78A2B1F5A66}.Debug|Any CPU.ActiveCfg = Debug|Any CPU
		{5A9D7E54-C69C-41BF-A6CD-E78A2B1F5A66}.Debug|Any CPU.Build.0 = Debug|Any CPU
		{5A9D7E54-C69C-41BF-A6CD-E78A2B1F5A66}.Debug|x64.ActiveCfg = Debug|Any CPU
		{5A9D7E54-C69C-41BF-A6CD-E78A2B1F5A66}.Debug|x64.Build.0 = Debug|Any CPU
		{5A9D7E54-C69C-41BF-A6CD-E78A2B1F5A66}.Debug|x86.ActiveCfg = Debug|Any CPU
		{5A9D7E54-C69C-41BF-A6CD-E78A2B1F5A66}.Debug|x86.Build.0 = Debug|Any CPU
		{5A9D7E54-C69C-41BF-A6CD-E78A2B1F5A66}.Release|Any CPU.ActiveCfg = Release|Any CPU
		{5A9D7E54-C69C-41BF-A6CD-E78A2B1F5A66}.Release|Any CPU.Build.0 = Release|Any CPU
		{5A9D7E54-C69C-41BF-A6CD-E78A2B1F5A66}.Release|x64.ActiveCfg = Release|Any CPU
		{5A9D7E54-C69C-41BF-A6CD-E78A2B1F5A66}.Release|x64.Build.0 = Release|Any CPU
		{5A9D7E54-C69C-41BF-A6CD-E78A2B1F5A66}.Release|x86.ActiveCfg = Release|Any CPU
		{5A9D7E54-C69C-41BF-A6CD-E78A2B1F5A66}.Release|x86.Build.0 = Release|Any CPU
		{904001DF-172C-4A6E-9EBF-25A5F0D9E6C6}.Debug|Any CPU.ActiveCfg = Debug|Any CPU
		{904001DF-172C-4A6E-9EBF-25A5F0D9E6C6}.Debug|Any CPU.Build.0 = Debug|Any CPU
		{904001DF-172C-4A6E-9EBF-25A5F0D9E6C6}.Debug|x64.ActiveCfg = Debug|Any CPU
		{904001DF-172C-4A6E-9EBF-25A5F0D9E6C6}.Debug|x64.Build.0 = Debug|Any CPU
		{904001DF-172C-4A6E-9EBF-25A5F0D9E6C6}.Debug|x86.ActiveCfg = Debug|Any CPU
		{904001DF-172C-4A6E-9EBF-25A5F0D9E6C6}.Debug|x86.Build.0 = Debug|Any CPU
		{904001DF-172C-4A6E-9EBF-25A5F0D9E6C6}.Release|Any CPU.ActiveCfg = Release|Any CPU
		{904001DF-172C-4A6E-9EBF-25A5F0D9E6C6}.Release|Any CPU.Build.0 = Release|Any CPU
		{904001DF-172C-4A6E-9EBF-25A5F0D9E6C6}.Release|x64.ActiveCfg = Release|Any CPU
		{904001DF-172C-4A6E-9EBF-25A5F0D9E6C6}.Release|x64.Build.0 = Release|Any CPU
		{904001DF-172C-4A6E-9EBF-25A5F0D9E6C6}.Release|x86.ActiveCfg = Release|Any CPU
		{904001DF-172C-4A6E-9EBF-25A5F0D9E6C6}.Release|x86.Build.0 = Release|Any CPU
	EndGlobalSection
EndGlobal
