
Microsoft Visual Studio Solution File, Format Version 12.00
# Visual Studio 15
VisualStudioVersion = 15.0.26124.0
MinimumVisualStudioVersion = 15.0.26124.0
Project("{FAE04EC0-301F-11D3-BF4B-00C04F79EFBC}") = "TestCommon", "..\TestCommon\TestCommon.csproj", "{2503515C-B9FB-45DF-8811-8CF6893FAF47}"
EndProject
Project("{FAE04EC0-301F-11D3-BF4B-00C04F79EFBC}") = "E1b", "E1b\E1b.csproj", "{2C6CBF85-956A-40BD-A18E-0CFDB8F8CB84}"
EndProject
Project("{FAE04EC0-301F-11D3-BF4B-00C04F79EFBC}") = "E1b.Tests", "E1b.Tests\E1b.Tests.csproj", "{5CD72549-E9FB-4FC2-8DBB-4EDA7458C7FF}"
EndProject
Global
	GlobalSection(SolutionConfigurationPlatforms) = preSolution
		Debug|Any CPU = Debug|Any CPU
		Debug|x64 = Debug|x64
		Debug|x86 = Debug|x86
		Release|Any CPU = Release|Any CPU
		Release|x64 = Release|x64
		Release|x86 = Release|x86
	EndGlobalSection
	GlobalSection(SolutionProperties) = preSolution
		HideSolutionNode = FALSE
	EndGlobalSection
	GlobalSection(ProjectConfigurationPlatforms) = postSolution
		{2503515C-B9FB-45DF-8811-8CF6893FAF47}.Debug|Any CPU.ActiveCfg = Debug|Any CPU
		{2503515C-B9FB-45DF-8811-8CF6893FAF47}.Debug|Any CPU.Build.0 = Debug|Any CPU
		{2503515C-B9FB-45DF-8811-8CF6893FAF47}.Debug|x64.ActiveCfg = Debug|Any CPU
		{2503515C-B9FB-45DF-8811-8CF6893FAF47}.Debug|x64.Build.0 = Debug|Any CPU
		{2503515C-B9FB-45DF-8811-8CF6893FAF47}.Debug|x86.ActiveCfg = Debug|Any CPU
		{2503515C-B9FB-45DF-8811-8CF6893FAF47}.Debug|x86.Build.0 = Debug|Any CPU
		{2503515C-B9FB-45DF-8811-8CF6893FAF47}.Release|Any CPU.ActiveCfg = Release|Any CPU
		{2503515C-B9FB-45DF-8811-8CF6893FAF47}.Release|Any CPU.Build.0 = Release|Any CPU
		{2503515C-B9FB-45DF-8811-8CF6893FAF47}.Release|x64.ActiveCfg = Release|Any CPU
		{2503515C-B9FB-45DF-8811-8CF6893FAF47}.Release|x64.Build.0 = Release|Any CPU
		{2503515C-B9FB-45DF-8811-8CF6893FAF47}.Release|x86.ActiveCfg = Release|Any CPU
		{2503515C-B9FB-45DF-8811-8CF6893FAF47}.Release|x86.Build.0 = Release|Any CPU
		{2C6CBF85-956A-40BD-A18E-0CFDB8F8CB84}.Debug|Any CPU.ActiveCfg = Debug|Any CPU
		{2C6CBF85-956A-40BD-A18E-0CFDB8F8CB84}.Debug|Any CPU.Build.0 = Debug|Any CPU
		{2C6CBF85-956A-40BD-A18E-0CFDB8F8CB84}.Debug|x64.ActiveCfg = Debug|Any CPU
		{2C6CBF85-956A-40BD-A18E-0CFDB8F8CB84}.Debug|x64.Build.0 = Debug|Any CPU
		{2C6CBF85-956A-40BD-A18E-0CFDB8F8CB84}.Debug|x86.ActiveCfg = Debug|Any CPU
		{2C6CBF85-956A-40BD-A18E-0CFDB8F8CB84}.Debug|x86.Build.0 = Debug|Any CPU
		{2C6CBF85-956A-40BD-A18E-0CFDB8F8CB84}.Release|Any CPU.ActiveCfg = Release|Any CPU
		{2C6CBF85-956A-40BD-A18E-0CFDB8F8CB84}.Release|Any CPU.Build.0 = Release|Any CPU
		{2C6CBF85-956A-40BD-A18E-0CFDB8F8CB84}.Release|x64.ActiveCfg = Release|Any CPU
		{2C6CBF85-956A-40BD-A18E-0CFDB8F8CB84}.Release|x64.Build.0 = Release|Any CPU
		{2C6CBF85-956A-40BD-A18E-0CFDB8F8CB84}.Release|x86.ActiveCfg = Release|Any CPU
		{2C6CBF85-956A-40BD-A18E-0CFDB8F8CB84}.Release|x86.Build.0 = Release|Any CPU
		{5CD72549-E9FB-4FC2-8DBB-4EDA7458C7FF}.Debug|Any CPU.ActiveCfg = Debug|Any CPU
		{5CD72549-E9FB-4FC2-8DBB-4EDA7458C7FF}.Debug|Any CPU.Build.0 = Debug|Any CPU
		{5CD72549-E9FB-4FC2-8DBB-4EDA7458C7FF}.Debug|x64.ActiveCfg = Debug|Any CPU
		{5CD72549-E9FB-4FC2-8DBB-4EDA7458C7FF}.Debug|x64.Build.0 = Debug|Any CPU
		{5CD72549-E9FB-4FC2-8DBB-4EDA7458C7FF}.Debug|x86.ActiveCfg = Debug|Any CPU
		{5CD72549-E9FB-4FC2-8DBB-4EDA7458C7FF}.Debug|x86.Build.0 = Debug|Any CPU
		{5CD72549-E9FB-4FC2-8DBB-4EDA7458C7FF}.Release|Any CPU.ActiveCfg = Release|Any CPU
		{5CD72549-E9FB-4FC2-8DBB-4EDA7458C7FF}.Release|Any CPU.Build.0 = Release|Any CPU
		{5CD72549-E9FB-4FC2-8DBB-4EDA7458C7FF}.Release|x64.ActiveCfg = Release|Any CPU
		{5CD72549-E9FB-4FC2-8DBB-4EDA7458C7FF}.Release|x64.Build.0 = Release|Any CPU
		{5CD72549-E9FB-4FC2-8DBB-4EDA7458C7FF}.Release|x86.ActiveCfg = Release|Any CPU
		{5CD72549-E9FB-4FC2-8DBB-4EDA7458C7FF}.Release|x86.Build.0 = Release|Any CPU
	EndGlobalSection
EndGlobal
