
Microsoft Visual Studio Solution File, Format Version 12.00
# Visual Studio 15
VisualStudioVersion = 15.0.26124.0
MinimumVisualStudioVersion = 15.0.26124.0
Project("{FAE04EC0-301F-11D3-BF4B-00C04F79EFBC}") = "TestCommon", "..\TestCommon\TestCommon.csproj", "{8C180E17-4E09-4582-9991-9AEE4D783331}"
EndProject
Project("{FAE04EC0-301F-11D3-BF4B-00C04F79EFBC}") = "A8", "A8\A8.csproj", "{9F3A74C4-C34F-487B-AFB7-A6645CF8DCD9}"
EndProject
Project("{FAE04EC0-301F-11D3-BF4B-00C04F79EFBC}") = "A8.Tests", "A8.Tests\A8.Tests.csproj", "{432E722D-C67B-4E6F-B78D-1734061AE13F}"
EndProject
Global
	GlobalSection(SolutionConfigurationPlatforms) = preSolution
		Debug|Any CPU = Debug|Any CPU
		Debug|x64 = Debug|x64
		Debug|x86 = Debug|x86
		Release|Any CPU = Release|Any CPU
		Release|x64 = Release|x64
		Release|x86 = Release|x86
	EndGlobalSection
	GlobalSection(SolutionProperties) = preSolution
		HideSolutionNode = FALSE
	EndGlobalSection
	GlobalSection(ProjectConfigurationPlatforms) = postSolution
		{8C180E17-4E09-4582-9991-9AEE4D783331}.Debug|Any CPU.ActiveCfg = Debug|Any CPU
		{8C180E17-4E09-4582-9991-9AEE4D783331}.Debug|Any CPU.Build.0 = Debug|Any CPU
		{8C180E17-4E09-4582-9991-9AEE4D783331}.Debug|x64.ActiveCfg = Debug|Any CPU
		{8C180E17-4E09-4582-9991-9AEE4D783331}.Debug|x64.Build.0 = Debug|Any CPU
		{8C180E17-4E09-4582-9991-9AEE4D783331}.Debug|x86.ActiveCfg = Debug|Any CPU
		{8C180E17-4E09-4582-9991-9AEE4D783331}.Debug|x86.Build.0 = Debug|Any CPU
		{8C180E17-4E09-4582-9991-9AEE4D783331}.Release|Any CPU.ActiveCfg = Release|Any CPU
		{8C180E17-4E09-4582-9991-9AEE4D783331}.Release|Any CPU.Build.0 = Release|Any CPU
		{8C180E17-4E09-4582-9991-9AEE4D783331}.Release|x64.ActiveCfg = Release|Any CPU
		{8C180E17-4E09-4582-9991-9AEE4D783331}.Release|x64.Build.0 = Release|Any CPU
		{8C180E17-4E09-4582-9991-9AEE4D783331}.Release|x86.ActiveCfg = Release|Any CPU
		{8C180E17-4E09-4582-9991-9AEE4D783331}.Release|x86.Build.0 = Release|Any CPU
		{9F3A74C4-C34F-487B-AFB7-A6645CF8DCD9}.Debug|Any CPU.ActiveCfg = Debug|Any CPU
		{9F3A74C4-C34F-487B-AFB7-A6645CF8DCD9}.Debug|Any CPU.Build.0 = Debug|Any CPU
		{9F3A74C4-C34F-487B-AFB7-A6645CF8DCD9}.Debug|x64.ActiveCfg = Debug|Any CPU
		{9F3A74C4-C34F-487B-AFB7-A6645CF8DCD9}.Debug|x64.Build.0 = Debug|Any CPU
		{9F3A74C4-C34F-487B-AFB7-A6645CF8DCD9}.Debug|x86.ActiveCfg = Debug|Any CPU
		{9F3A74C4-C34F-487B-AFB7-A6645CF8DCD9}.Debug|x86.Build.0 = Debug|Any CPU
		{9F3A74C4-C34F-487B-AFB7-A6645CF8DCD9}.Release|Any CPU.ActiveCfg = Release|Any CPU
		{9F3A74C4-C34F-487B-AFB7-A6645CF8DCD9}.Release|Any CPU.Build.0 = Release|Any CPU
		{9F3A74C4-C34F-487B-AFB7-A6645CF8DCD9}.Release|x64.ActiveCfg = Release|Any CPU
		{9F3A74C4-C34F-487B-AFB7-A6645CF8DCD9}.Release|x64.Build.0 = Release|Any CPU
		{9F3A74C4-C34F-487B-AFB7-A6645CF8DCD9}.Release|x86.ActiveCfg = Release|Any CPU
		{9F3A74C4-C34F-487B-AFB7-A6645CF8DCD9}.Release|x86.Build.0 = Release|Any CPU
		{432E722D-C67B-4E6F-B78D-1734061AE13F}.Debug|Any CPU.ActiveCfg = Debug|Any CPU
		{432E722D-C67B-4E6F-B78D-1734061AE13F}.Debug|Any CPU.Build.0 = Debug|Any CPU
		{432E722D-C67B-4E6F-B78D-1734061AE13F}.Debug|x64.ActiveCfg = Debug|Any CPU
		{432E722D-C67B-4E6F-B78D-1734061AE13F}.Debug|x64.Build.0 = Debug|Any CPU
		{432E722D-C67B-4E6F-B78D-1734061AE13F}.Debug|x86.ActiveCfg = Debug|Any CPU
		{432E722D-C67B-4E6F-B78D-1734061AE13F}.Debug|x86.Build.0 = Debug|Any CPU
		{432E722D-C67B-4E6F-B78D-1734061AE13F}.Release|Any CPU.ActiveCfg = Release|Any CPU
		{432E722D-C67B-4E6F-B78D-1734061AE13F}.Release|Any CPU.Build.0 = Release|Any CPU
		{432E722D-C67B-4E6F-B78D-1734061AE13F}.Release|x64.ActiveCfg = Release|Any CPU
		{432E722D-C67B-4E6F-B78D-1734061AE13F}.Release|x64.Build.0 = Release|Any CPU
		{432E722D-C67B-4E6F-B78D-1734061AE13F}.Release|x86.ActiveCfg = Release|Any CPU
		{432E722D-C67B-4E6F-B78D-1734061AE13F}.Release|x86.Build.0 = Release|Any CPU
	EndGlobalSection
EndGlobal
